
Microsoft Visual Studio Solution File, Format Version 12.00
# Visual Studio Version 16
VisualStudioVersion = 16.0.28803.156
MinimumVisualStudioVersion = 10.0.40219.1
Project("{FAE04EC0-301F-11D3-BF4B-00C04F79EFBC}") = "COM3D2.VYM.Plugin", "COM3D2.VYM.Plugin\COM3D2.VYM.Plugin.csproj", "{77B6B982-1C58-4FD7-98FF-744865634F58}"
EndProject
Global
	GlobalSection(SolutionConfigurationPlatforms) = preSolution
		Debug|Any CPU = Debug|Any CPU
		Release|Any CPU = Release|Any CPU
	EndGlobalSection
	GlobalSection(ProjectConfigurationPlatforms) = postSolution
		{77B6B982-1C58-4FD7-98FF-744865634F58}.Debug|Any CPU.ActiveCfg = Debug|Any CPU
		{77B6B982-1C58-4FD7-98FF-744865634F58}.Debug|Any CPU.Build.0 = Debug|Any CPU
		{77B6B982-1C58-4FD7-98FF-744865634F58}.Release|Any CPU.ActiveCfg = Release|Any CPU
		{77B6B982-1C58-4FD7-98FF-744865634F58}.Release|Any CPU.Build.0 = Release|Any CPU
	EndGlobalSection
	GlobalSection(SolutionProperties) = preSolution
		HideSolutionNode = FALSE
	EndGlobalSection
	GlobalSection(ExtensibilityGlobals) = postSolution
		SolutionGuid = {CF7E7B8D-12D0-43CB-AB13-A2868E40D00D}
	EndGlobalSection
EndGlobal
